Microsoft Visual Studio Solution File, Format Version 11.00
# Visual Studio 2008

Project("{4DCDE3F3-616A-6BF7-0BC2-346E279F061C}") = "RoadBike", "Assembly-CSharp-firstpass.csproj", "{0A92E1EE-5E9B-537B-AD8D-342FA715A241}"
EndProject
Project("{4DCDE3F3-616A-6BF7-0BC2-346E279F061C}") = "RoadBike", "Assembly-CSharp.csproj", "{A35A000B-7F17-AE60-45A0-B697B7F19025}"
EndProject
Project("{4DCDE3F3-616A-6BF7-0BC2-346E279F061C}") = "RoadBike", "Assembly-CSharp-Editor.csproj", "{A5D723BE-095E-ADD1-8FEC-A0CE603AC688}"
EndProject
Global
	GlobalSection(SolutionConfigurationPlatforms) = preSolution
		Debug|Any CPU = Debug|Any CPU
		Release|Any CPU = Release|Any CPU
	EndGlobalSection
	GlobalSection(ProjectConfigurationPlatforms) = postSolution
		{0A92E1EE-5E9B-537B-AD8D-342FA715A241}.Debug|Any CPU.ActiveCfg = Debug|Any CPU
		{0A92E1EE-5E9B-537B-AD8D-342FA715A241}.Debug|Any CPU.Build.0 = Debug|Any CPU
		{0A92E1EE-5E9B-537B-AD8D-342FA715A241}.Release|Any CPU.ActiveCfg = Release|Any CPU
		{0A92E1EE-5E9B-537B-AD8D-342FA715A241}.Release|Any CPU.Build.0 = Release|Any CPU
		{A35A000B-7F17-AE60-45A0-B697B7F19025}.Debug|Any CPU.ActiveCfg = Debug|Any CPU
		{A35A000B-7F17-AE60-45A0-B697B7F19025}.Debug|Any CPU.Build.0 = Debug|Any CPU
		{A35A000B-7F17-AE60-45A0-B697B7F19025}.Release|Any CPU.ActiveCfg = Release|Any CPU
		{A35A000B-7F17-AE60-45A0-B697B7F19025}.Release|Any CPU.Build.0 = Release|Any CPU
		{A5D723BE-095E-ADD1-8FEC-A0CE603AC688}.Debug|Any CPU.ActiveCfg = Debug|Any CPU
		{A5D723BE-095E-ADD1-8FEC-A0CE603AC688}.Debug|Any CPU.Build.0 = Debug|Any CPU
		{A5D723BE-095E-ADD1-8FEC-A0CE603AC688}.Release|Any CPU.ActiveCfg = Release|Any CPU
		{A5D723BE-095E-ADD1-8FEC-A0CE603AC688}.Release|Any CPU.Build.0 = Release|Any CPU
	EndGlobalSection
	GlobalSection(SolutionProperties) = preSolution
		HideSolutionNode = FALSE
	EndGlobalSection
	GlobalSection(MonoDevelopProperties) = preSolution
		StartupItem = Assembly-CSharp.csproj
	EndGlobalSection
EndGlobal
